
Microsoft Visual Studio Solution File, Format Version 12.00
# Visual Studio 14
VisualStudioVersion = 14.0.25420.1
MinimumVisualStudioVersion = 10.0.40219.1
Project("{FAE04EC0-301F-11D3-BF4B-00C04F79EFBC}") = "Domain", "Domain\Domain.csproj", "{CF1A3FBB-D841-4087-9C0D-A8FAE59670E6}"
EndProject
Project("{FAE04EC0-301F-11D3-BF4B-00C04F79EFBC}") = "WebUI", "WebUI\WebUI.csproj", "{123F4963-6445-4D19-B378-FB987CC4E84A}"
EndProject
Project("{FAE04EC0-301F-11D3-BF4B-00C04F79EFBC}") = "UnitTests", "UnitTests\UnitTests.csproj", "{B6688475-5FB2-4D9E-A895-8C23CFDDF5B8}"
EndProject
Global
	GlobalSection(SolutionConfigurationPlatforms) = preSolution
		Debug|Any CPU = Debug|Any CPU
		Release|Any CPU = Release|Any CPU
	EndGlobalSection
	GlobalSection(ProjectConfigurationPlatforms) = postSolution
		{CF1A3FBB-D841-4087-9C0D-A8FAE59670E6}.Debug|Any CPU.ActiveCfg = Debug|Any CPU
		{CF1A3FBB-D841-4087-9C0D-A8FAE59670E6}.Debug|Any CPU.Build.0 = Debug|Any CPU
		{CF1A3FBB-D841-4087-9C0D-A8FAE59670E6}.Release|Any CPU.ActiveCfg = Release|Any CPU
		{CF1A3FBB-D841-4087-9C0D-A8FAE59670E6}.Release|Any CPU.Build.0 = Release|Any CPU
		{123F4963-6445-4D19-B378-FB987CC4E84A}.Debug|Any CPU.ActiveCfg = Debug|Any CPU
		{123F4963-6445-4D19-B378-FB987CC4E84A}.Debug|Any CPU.Build.0 = Debug|Any CPU
		{123F4963-6445-4D19-B378-FB987CC4E84A}.Release|Any CPU.ActiveCfg = Release|Any CPU
		{123F4963-6445-4D19-B378-FB987CC4E84A}.Release|Any CPU.Build.0 = Release|Any CPU
		{B6688475-5FB2-4D9E-A895-8C23CFDDF5B8}.Debug|Any CPU.ActiveCfg = Debug|Any CPU
		{B6688475-5FB2-4D9E-A895-8C23CFDDF5B8}.Debug|Any CPU.Build.0 = Debug|Any CPU
		{B6688475-5FB2-4D9E-A895-8C23CFDDF5B8}.Release|Any CPU.ActiveCfg = Release|Any CPU
		{B6688475-5FB2-4D9E-A895-8C23CFDDF5B8}.Release|Any CPU.Build.0 = Release|Any CPU
	EndGlobalSection
	GlobalSection(SolutionProperties) = preSolution
		HideSolutionNode = FALSE
	EndGlobalSection
EndGlobal
